
Microsoft Visual Studio Solution File, Format Version 12.00
# Visual Studio Version 17
VisualStudioVersion = 17.4.33403.182
MinimumVisualStudioVersion = 10.0.40219.1
Project("{FAE04EC0-301F-11D3-BF4B-00C04F79EFBC}") = "TicTacToe", "TicTacToe\TicTacToe.csproj", "{22AB9420-0679-425A-BE27-095329F4061C}"
EndProject
Global
	GlobalSection(SolutionConfigurationPlatforms) = preSolution
		Debug|Any CPU = Debug|Any CPU
		Release|Any CPU = Release|Any CPU
	EndGlobalSection
	GlobalSection(ProjectConfigurationPlatforms) = postSolution
		{22AB9420-0679-425A-BE27-095329F4061C}.Debug|Any CPU.ActiveCfg = Debug|Any CPU
		{22AB9420-0679-425A-BE27-095329F4061C}.Debug|Any CPU.Build.0 = Debug|Any CPU
		{22AB9420-0679-425A-BE27-095329F4061C}.Release|Any CPU.ActiveCfg = Release|Any CPU
		{22AB9420-0679-425A-BE27-095329F4061C}.Release|Any CPU.Build.0 = Release|Any CPU
	EndGlobalSection
	GlobalSection(SolutionProperties) = preSolution
		HideSolutionNode = FALSE
	EndGlobalSection
	GlobalSection(ExtensibilityGlobals) = postSolution
		SolutionGuid = {1956A33C-0CB7-4A79-BBFF-DE1E26C49FC5}
	EndGlobalSection
EndGlobal
